
Microsoft Visual Studio Solution File, Format Version 12.00
# Visual Studio Version 17
VisualStudioVersion = 17.9.34728.123
MinimumVisualStudioVersion = 10.0.40219.1
Project("{FAE04EC0-301F-11D3-BF4B-00C04F79EFBC}") = "aula6-vetor-leia10inteiros", "aula6-vetor-leia10inteiros\aula6-vetor-leia10inteiros.csproj", "{528736E1-7F0C-4DE2-BBD1-5D298DFEC4F8}"
EndProject
Global
	GlobalSection(SolutionConfigurationPlatforms) = preSolution
		Debug|Any CPU = Debug|Any CPU
		Release|Any CPU = Release|Any CPU
	EndGlobalSection
	GlobalSection(ProjectConfigurationPlatforms) = postSolution
		{528736E1-7F0C-4DE2-BBD1-5D298DFEC4F8}.Debug|Any CPU.ActiveCfg = Debug|Any CPU
		{528736E1-7F0C-4DE2-BBD1-5D298DFEC4F8}.Debug|Any CPU.Build.0 = Debug|Any CPU
		{528736E1-7F0C-4DE2-BBD1-5D298DFEC4F8}.Release|Any CPU.ActiveCfg = Release|Any CPU
		{528736E1-7F0C-4DE2-BBD1-5D298DFEC4F8}.Release|Any CPU.Build.0 = Release|Any CPU
	EndGlobalSection
	GlobalSection(SolutionProperties) = preSolution
		HideSolutionNode = FALSE
	EndGlobalSection
	GlobalSection(ExtensibilityGlobals) = postSolution
		SolutionGuid = {9808AB87-C5AF-476C-898D-E5182316F956}
	EndGlobalSection
EndGlobal
